
Microsoft Visual Studio Solution File, Format Version 12.00
# Visual Studio Version 16
VisualStudioVersion = 16.0.29509.3
MinimumVisualStudioVersion = 10.0.40219.1
Project("{9A19103F-16F7-4668-BE54-9A1E7A4F7556}") = "DatingAPP.API", "DatingAPP.API.csproj", "{D88DF037-F0D3-4FDA-9EF9-010E36C375B5}"
EndProject
Global
	GlobalSection(SolutionConfigurationPlatforms) = preSolution
		Debug|Any CPU = Debug|Any CPU
		Release|Any CPU = Release|Any CPU
	EndGlobalSection
	GlobalSection(ProjectConfigurationPlatforms) = postSolution
		{D88DF037-F0D3-4FDA-9EF9-010E36C375B5}.Debug|Any CPU.ActiveCfg = Debug|Any CPU
		{D88DF037-F0D3-4FDA-9EF9-010E36C375B5}.Debug|Any CPU.Build.0 = Debug|Any CPU
		{D88DF037-F0D3-4FDA-9EF9-010E36C375B5}.Release|Any CPU.ActiveCfg = Release|Any CPU
		{D88DF037-F0D3-4FDA-9EF9-010E36C375B5}.Release|Any CPU.Build.0 = Release|Any CPU
	EndGlobalSection
	GlobalSection(SolutionProperties) = preSolution
		HideSolutionNode = FALSE
	EndGlobalSection
	GlobalSection(ExtensibilityGlobals) = postSolution
		SolutionGuid = {278A1200-4D2E-47AC-8BB6-E49F526E58DF}
	EndGlobalSection
EndGlobal
